// !$*UTF8*$!
{
	archiveVersion = 1;
	classes = {
	};
	objectVersion = 46;
	objects = {

/* Begin PBXBuildFile section */
		3C4DA7A81C89FC1500F708EC /* AppDelegate.swift in Sources */ = {isa = PBXBuildFile; fileRef = 3C4DA7A71C89FC1500F708EC /* AppDelegate.swift */; };
		3C4DA7AA1C89FC1500F708EC /* ViewController.swift in Sources */ = {isa = PBXBuildFile; fileRef = 3C4DA7A91C89FC1500F708EC /* ViewController.swift */; };
		3C4DA7AD1C89FC1500F708EC /* Main.storyboard in Resources */ = {isa = PBXBuildFile; fileRef = 3C4DA7AB1C89FC1500F708EC /* Main.storyboard */; settings = {ASSET_TAGS = (Siguiente, ); }; };
		3C4DA7B21C89FC1500F708EC /* LaunchScreen.storyboard in Resources */ = {isa = PBXBuildFile; fileRef = 3C4DA7B01C89FC1500F708EC /* LaunchScreen.storyboard */; };
		3C4DA7BA1C89FC7B00F708EC /* Juego.swift in Sources */ = {isa = PBXBuildFile; fileRef = 3C4DA7B91C89FC7B00F708EC /* Juego.swift */; };
		3C4DA7CA1C8A186A00F708EC /* pintar.jpg in Resources */ = {isa = PBXBuildFile; fileRef = 3C4DA7BE1C8A186A00F708EC /* pintar.jpg */; };
		3C4DA7CB1C8A186A00F708EC /* nadar.gif in Resources */ = {isa = PBXBuildFile; fileRef = 3C4DA7BF1C8A186A00F708EC /* nadar.gif */; };
		3C4DA7CC1C8A186A00F708EC /* llorar.jpg in Resources */ = {isa = PBXBuildFile; fileRef = 3C4DA7C01C8A186A00F708EC /* llorar.jpg */; };
		3C4DA7CD1C8A186A00F708EC /* leer.jpg in Resources */ = {isa = PBXBuildFile; fileRef = 3C4DA7C11C8A186A00F708EC /* leer.jpg */; };
		3C4DA7CE1C8A186A00F708EC /* jugar.jpg in Resources */ = {isa = PBXBuildFile; fileRef = 3C4DA7C21C8A186A00F708EC /* jugar.jpg */; };
		3C4DA7CF1C8A186A00F708EC /* escribir.gif in Resources */ = {isa = PBXBuildFile; fileRef = 3C4DA7C31C8A186A00F708EC /* escribir.gif */; };
		3C4DA7D01C8A186A00F708EC /* dormir.gif in Resources */ = {isa = PBXBuildFile; fileRef = 3C4DA7C41C8A186A00F708EC /* dormir.gif */; };
		3C4DA7D11C8A186A00F708EC /* contar.gif in Resources */ = {isa = PBXBuildFile; fileRef = 3C4DA7C51C8A186A00F708EC /* contar.gif */; };
		3C4DA7D21C8A186A00F708EC /* cocinar.gif in Resources */ = {isa = PBXBuildFile; fileRef = 3C4DA7C61C8A186A00F708EC /* cocinar.gif */; };
		3C4DA7D31C8A186A00F708EC /* cantar.gif in Resources */ = {isa = PBXBuildFile; fileRef = 3C4DA7C71C8A186A00F708EC /* cantar.gif */; };
		3C4DA7D41C8A186A00F708EC /* bailar.gif in Resources */ = {isa = PBXBuildFile; fileRef = 3C4DA7C81C8A186A00F708EC /* bailar.gif */; };
		3C4DA7D51C8A186A00F708EC /* aplaudir.jpg in Resources */ = {isa = PBXBuildFile; fileRef = 3C4DA7C91C8A186A00F708EC /* aplaudir.jpg */; };
		3C638BB51C9B3B640068C4E9 /* Images.xcassets in Resources */ = {isa = PBXBuildFile; fileRef = 3C638BB41C9B3B640068C4E9 /* Images.xcassets */; };
		3C774F8B1CBBFEC700B5B19B /* ButtonAudio.mp3 in Resources */ = {isa = PBXBuildFile; fileRef = 3C774F8A1CBBFEC700B5B19B /* ButtonAudio.mp3 */; };
		3C774F8F1CBC06CB00B5B19B /* AVFoundation.framework in Frameworks */ = {isa = PBXBuildFile; fileRef = 3C774F8E1CBC06CB00B5B19B /* AVFoundation.framework */; };
		3C774F911CBC163D00B5B19B /* ElegirJuego.swift in Sources */ = {isa = PBXBuildFile; fileRef = 3C774F901CBC163D00B5B19B /* ElegirJuego.swift */; };
		3C774F971CBC419200B5B19B /* Correcto.mp3 in Resources */ = {isa = PBXBuildFile; fileRef = 3C774F961CBC419200B5B19B /* Correcto.mp3 */; };
		3C8B798C1C90D39100C68225 /* fondo.png in Resources */ = {isa = PBXBuildFile; fileRef = 3C8B798B1C90D39100C68225 /* fondo.png */; };
		3CCBC9B81CBB61AA00776063 /* fond2.png in Resources */ = {isa = PBXBuildFile; fileRef = 3CCBC9B71CBB61AA00776063 /* fond2.png */; };
		3CCBC9BA1CBB6AC800776063 /* fondo3.png in Resources */ = {isa = PBXBuildFile; fileRef = 3CCBC9B91CBB6AC800776063 /* fondo3.png */; };
		3CCBC9BC1CBB6C8C00776063 /* fond.png in Resources */ = {isa = PBXBuildFile; fileRef = 3CCBC9BB1CBB6C8C00776063 /* fond.png */; };
		3CD166001C9073F500EEC4DA /* icono.png in Resources */ = {isa = PBXBuildFile; fileRef = 3CD165FF1C9073F500EEC4DA /* icono.png */; };
		3CE61E741CBC486000D73489 /* Incorrecto.mp3 in Resources */ = {isa = PBXBuildFile; fileRef = 3CE61E731CBC486000D73489 /* Incorrecto.mp3 */; };
/* End PBXBuildFile section */

/* Begin PBXFileReference section */
		3C4DA7A41C89FC1500F708EC /* Easy-PT.app */ = {isa = PBXFileReference; explicitFileType = wrapper.application; includeInIndex = 0; path = "Easy-PT.app"; sourceTree = BUILT_PRODUCTS_DIR; };
		3C4DA7A71C89FC1500F708EC /* AppDelegate.swift */ = {isa = PBXFileReference; lastKnownFileType = sourcecode.swift; path = AppDelegate.swift; sourceTree = "<group>"; };
		3C4DA7A91C89FC1500F708EC /* ViewController.swift */ = {isa = PBXFileReference; lastKnownFileType = sourcecode.swift; path = ViewController.swift; sourceTree = "<group>"; };
		3C4DA7AC1C89FC1500F708EC /* Base */ = {isa = PBXFileReference; lastKnownFileType = file.storyboard; name = Base; path = Base.lproj/Main.storyboard; sourceTree = "<group>"; };
		3C4DA7B11C89FC1500F708EC /* Base */ = {isa = PBXFileReference; lastKnownFileType = file.storyboard; name = Base; path = Base.lproj/LaunchScreen.storyboard; sourceTree = "<group>"; };
		3C4DA7B31C89FC1500F708EC /* Info.plist */ = {isa = PBXFileReference; lastKnownFileType = text.plist.xml; path = Info.plist; sourceTree = "<group>"; };
		3C4DA7B91C89FC7B00F708EC /* Juego.swift */ = {isa = PBXFileReference; fileEncoding = 4; lastKnownFileType = sourcecode.swift; path = Juego.swift; sourceTree = "<group>"; };
		3C4DA7BE1C8A186A00F708EC /* pintar.jpg */ = {isa = PBXFileReference; lastKnownFileType = image.jpeg; path = pintar.jpg; sourceTree = "<group>"; };
		3C4DA7BF1C8A186A00F708EC /* nadar.gif */ = {isa = PBXFileReference; lastKnownFileType = image.gif; path = nadar.gif; sourceTree = "<group>"; };
		3C4DA7C01C8A186A00F708EC /* llorar.jpg */ = {isa = PBXFileReference; lastKnownFileType = image.jpeg; path = llorar.jpg; sourceTree = "<group>"; };
		3C4DA7C11C8A186A00F708EC /* leer.jpg */ = {isa = PBXFileReference; lastKnownFileType = image.jpeg; path = leer.jpg; sourceTree = "<group>"; };
		3C4DA7C21C8A186A00F708EC /* jugar.jpg */ = {isa = PBXFileReference; lastKnownFileType = image.jpeg; path = jugar.jpg; sourceTree = "<group>"; };
		3C4DA7C31C8A186A00F708EC /* escribir.gif */ = {isa = PBXFileReference; lastKnownFileType = image.gif; path = escribir.gif; sourceTree = "<group>"; };
		3C4DA7C41C8A186A00F708EC /* dormir.gif */ = {isa = PBXFileReference; lastKnownFileType = image.gif; path = dormir.gif; sourceTree = "<group>"; };
		3C4DA7C51C8A186A00F708EC /* contar.gif */ = {isa = PBXFileReference; lastKnownFileType = image.gif; path = contar.gif; sourceTree = "<group>"; };
		3C4DA7C61C8A186A00F708EC /* cocinar.gif */ = {isa = PBXFileReference; lastKnownFileType = image.gif; path = cocinar.gif; sourceTree = "<group>"; };
		3C4DA7C71C8A186A00F708EC /* cantar.gif */ = {isa = PBXFileReference; lastKnownFileType = image.gif; path = cantar.gif; sourceTree = "<group>"; };
		3C4DA7C81C8A186A00F708EC /* bailar.gif */ = {isa = PBXFileReference; lastKnownFileType = image.gif; path = bailar.gif; sourceTree = "<group>"; };
		3C4DA7C91C8A186A00F708EC /* aplaudir.jpg */ = {isa = PBXFileReference; lastKnownFileType = image.jpeg; path = aplaudir.jpg; sourceTree = "<group>"; };
		3C638BB41C9B3B640068C4E9 /* Images.xcassets */ = {isa = PBXFileReference; lastKnownFileType = folder.assetcatalog; path = Images.xcassets; sourceTree = "<group>"; };
		3C774F8A1CBBFEC700B5B19B /* ButtonAudio.mp3 */ = {isa = PBXFileReference; lastKnownFileType = audio.mp3; path = ButtonAudio.mp3; sourceTree = "<group>"; };
		3C774F8E1CBC06CB00B5B19B /* AVFoundation.framework */ = {isa = PBXFileReference; lastKnownFileType = wrapper.framework; name = AVFoundation.framework; path = System/Library/Frameworks/AVFoundation.framework; sourceTree = SDKROOT; };
		3C774F901CBC163D00B5B19B /* ElegirJuego.swift */ = {isa = PBXFileReference; fileEncoding = 4; lastKnownFileType = sourcecode.swift; path = ElegirJuego.swift; sourceTree = "<group>"; };
		3C774F961CBC419200B5B19B /* Correcto.mp3 */ = {isa = PBXFileReference; lastKnownFileType = audio.mp3; name = Correcto.mp3; path = ../../Downloads/Correcto.mp3; sourceTree = "<group>"; };
		3C8B798B1C90D39100C68225 /* fondo.png */ = {isa = PBXFileReference; lastKnownFileType = image.png; path = fondo.png; sourceTree = "<group>"; };
		3CCBC9B71CBB61AA00776063 /* fond2.png */ = {isa = PBXFileReference; lastKnownFileType = image.png; path = fond2.png; sourceTree = "<group>"; };
		3CCBC9B91CBB6AC800776063 /* fondo3.png */ = {isa = PBXFileReference; lastKnownFileType = image.png; path = fondo3.png; sourceTree = "<group>"; };
		3CCBC9BB1CBB6C8C00776063 /* fond.png */ = {isa = PBXFileReference; lastKnownFileType = image.png; path = fond.png; sourceTree = "<group>"; };
		3CD165FF1C9073F500EEC4DA /* icono.png */ = {isa = PBXFileReference; lastKnownFileType = image.png; path = icono.png; sourceTree = "<group>"; };
		3CE61E731CBC486000D73489 /* Incorrecto.mp3 */ = {isa = PBXFileReference; lastKnownFileType = audio.mp3; path = Incorrecto.mp3; sourceTree = "<group>"; };
/* End PBXFileReference section */

/* Begin PBXFrameworksBuildPhase section */
		3C4DA7A11C89FC1500F708EC /* Frameworks */ = {
			isa = PBXFrameworksBuildPhase;
			buildActionMask = 2147483647;
			files = (
				3C774F8F1CBC06CB00B5B19B /* AVFoundation.framework in Frameworks */,
			);
			runOnlyForDeploymentPostprocessing = 0;
		};
/* End PBXFrameworksBuildPhase section */

/* Begin PBXGroup section */
		3C4DA79B1C89FC1500F708EC = {
			isa = PBXGroup;
			children = (
				3C774F8E1CBC06CB00B5B19B /* AVFoundation.framework */,
				3C774F891CBBFE7600B5B19B /* Sonido */,
				3C4DA7BB1C8A180400F708EC /* Imagenes */,
				3C4DA7A61C89FC1500F708EC /* ProyectoMac */,
				3C4DA7A51C89FC1500F708EC /* Products */,
			);
			sourceTree = "<group>";
		};
		3C4DA7A51C89FC1500F708EC /* Products */ = {
			isa = PBXGroup;
			children = (
				3C4DA7A41C89FC1500F708EC /* Easy-PT.app */,
			);
			name = Products;
			sourceTree = "<group>";
		};
		3C4DA7A61C89FC1500F708EC /* ProyectoMac */ = {
			isa = PBXGroup;
			children = (
				3C4DA7A71C89FC1500F708EC /* AppDelegate.swift */,
				3C4DA7A91C89FC1500F708EC /* ViewController.swift */,
				3C4DA7AB1C89FC1500F708EC /* Main.storyboard */,
				3C4DA7B91C89FC7B00F708EC /* Juego.swift */,
				3C4DA7B01C89FC1500F708EC /* LaunchScreen.storyboard */,
				3C4DA7B31C89FC1500F708EC /* Info.plist */,
				3C638BB41C9B3B640068C4E9 /* Images.xcassets */,
				3C774F901CBC163D00B5B19B /* ElegirJuego.swift */,
			);
			path = ProyectoMac;
			sourceTree = "<group>";
		};
		3C4DA7BB1C8A180400F708EC /* Imagenes */ = {
			isa = PBXGroup;
			children = (
				3C8B798B1C90D39100C68225 /* fondo.png */,
				3CD165FF1C9073F500EEC4DA /* icono.png */,
				3C4DA7BE1C8A186A00F708EC /* pintar.jpg */,
				3C4DA7BF1C8A186A00F708EC /* nadar.gif */,
				3CCBC9BB1CBB6C8C00776063 /* fond.png */,
				3C4DA7C01C8A186A00F708EC /* llorar.jpg */,
				3CCBC9B71CBB61AA00776063 /* fond2.png */,
				3C4DA7C11C8A186A00F708EC /* leer.jpg */,
				3C4DA7C21C8A186A00F708EC /* jugar.jpg */,
				3C4DA7C31C8A186A00F708EC /* escribir.gif */,
				3C4DA7C41C8A186A00F708EC /* dormir.gif */,
				3C4DA7C51C8A186A00F708EC /* contar.gif */,
				3C4DA7C61C8A186A00F708EC /* cocinar.gif */,
				3C4DA7C71C8A186A00F708EC /* cantar.gif */,
				3CCBC9B91CBB6AC800776063 /* fondo3.png */,
				3C4DA7C81C8A186A00F708EC /* bailar.gif */,
				3C4DA7C91C8A186A00F708EC /* aplaudir.jpg */,
			);
			name = Imagenes;
			sourceTree = "<group>";
		};
		3C774F891CBBFE7600B5B19B /* Sonido */ = {
			isa = PBXGroup;
			children = (
				3C774F8A1CBBFEC700B5B19B /* ButtonAudio.mp3 */,
				3C774F961CBC419200B5B19B /* Correcto.mp3 */,
				3CE61E731CBC486000D73489 /* Incorrecto.mp3 */,
			);
			name = Sonido;
			sourceTree = "<group>";
		};
/* End PBXGroup section */

/* Begin PBXNativeTarget section */
		3C4DA7A31C89FC1500F708EC /* Easy-PT */ = {
			isa = PBXNativeTarget;
			buildConfigurationList = 3C4DA7B61C89FC1500F708EC /* Build configuration list for PBXNativeTarget "Easy-PT" */;
			buildPhases = (
				3C4DA7A01C89FC1500F708EC /* Sources */,
				3C4DA7A11C89FC1500F708EC /* Frameworks */,
				3C4DA7A21C89FC1500F708EC /* Resources */,
			);
			buildRules = (
			);
			dependencies = (
			);
			name = "Easy-PT";
			productName = ProyectoMac;
			productReference = 3C4DA7A41C89FC1500F708EC /* Easy-PT.app */;
			productType = "com.apple.product-type.application";
		};
/* End PBXNativeTarget section */

/* Begin PBXProject section */
		3C4DA79C1C89FC1500F708EC /* Project object */ = {
			isa = PBXProject;
			attributes = {
				KnownAssetTags = (
					Siguiente,
				);
				LastSwiftUpdateCheck = 0720;
				LastUpgradeCheck = 0720;
				ORGANIZATIONNAME = "Karina Gonzalez Moreno";
				TargetAttributes = {
					3C4DA7A31C89FC1500F708EC = {
						CreatedOnToolsVersion = 7.2;
					};
				};
			};
			buildConfigurationList = 3C4DA79F1C89FC1500F708EC /* Build configuration list for PBXProject "Easy-PT" */;
			compatibilityVersion = "Xcode 3.2";
			developmentRegion = English;
			hasScannedForEncodings = 0;
			knownRegions = (
				en,
				Base,
			);
			mainGroup = 3C4DA79B1C89FC1500F708EC;
			productRefGroup = 3C4DA7A51C89FC1500F708EC /* Products */;
			projectDirPath = "";
			projectRoot = "";
			targets = (
				3C4DA7A31C89FC1500F708EC /* Easy-PT */,
			);
		};
/* End PBXProject section */

/* Begin PBXResourcesBuildPhase section */
		3C4DA7A21C89FC1500F708EC /* Resources */ = {
			isa = PBXResourcesBuildPhase;
			buildActionMask = 2147483647;
			files = (
				3C4DA7B21C89FC1500F708EC /* LaunchScreen.storyboard in Resources */,
				3CCBC9B81CBB61AA00776063 /* fond2.png in Resources */,
				3C4DA7CE1C8A186A00F708EC /* jugar.jpg in Resources */,
				3C4DA7CB1C8A186A00F708EC /* nadar.gif in Resources */,
				3C4DA7AD1C89FC1500F708EC /* Main.storyboard in Resources */,
				3CCBC9BC1CBB6C8C00776063 /* fond.png in Resources */,
				3C4DA7CA1C8A186A00F708EC /* pintar.jpg in Resources */,
				3CD166001C9073F500EEC4DA /* icono.png in Resources */,
				3C4DA7CD1C8A186A00F708EC /* leer.jpg in Resources */,
				3C4DA7CC1C8A186A00F708EC /* llorar.jpg in Resources */,
				3C4DA7D51C8A186A00F708EC /* aplaudir.jpg in Resources */,
				3C638BB51C9B3B640068C4E9 /* Images.xcassets in Resources */,
				3CE61E741CBC486000D73489 /* Incorrecto.mp3 in Resources */,
				3C774F971CBC419200B5B19B /* Correcto.mp3 in Resources */,
				3C4DA7D11C8A186A00F708EC /* contar.gif in Resources */,
				3C4DA7CF1C8A186A00F708EC /* escribir.gif in Resources */,
				3C8B798C1C90D39100C68225 /* fondo.png in Resources */,
				3CCBC9BA1CBB6AC800776063 /* fondo3.png in Resources */,
				3C774F8B1CBBFEC700B5B19B /* ButtonAudio.mp3 in Resources */,
				3C4DA7D21C8A186A00F708EC /* cocinar.gif in Resources */,
				3C4DA7D31C8A186A00F708EC /* cantar.gif in Resources */,
				3C4DA7D01C8A186A00F708EC /* dormir.gif in Resources */,
				3C4DA7D41C8A186A00F708EC /* bailar.gif in Resources */,
			);
			runOnlyForDeploymentPostprocessing = 0;
		};
/* End PBXResourcesBuildPhase section */

/* Begin PBXSourcesBuildPhase section */
		3C4DA7A01C89FC1500F708EC /* Sources */ = {
			isa = PBXSourcesBuildPhase;
			buildActionMask = 2147483647;
			files = (
				3C4DA7AA1C89FC1500F708EC /* ViewController.swift in Sources */,
				3C774F911CBC163D00B5B19B /* ElegirJuego.swift in Sources */,
				3C4DA7A81C89FC1500F708EC /* AppDelegate.swift in Sources */,
				3C4DA7BA1C89FC7B00F708EC /* Juego.swift in Sources */,
			);
			runOnlyForDeploymentPostprocessing = 0;
		};
/* End PBXSourcesBuildPhase section */

/* Begin PBXVariantGroup section */
		3C4DA7AB1C89FC1500F708EC /* Main.storyboard */ = {
			isa = PBXVariantGroup;
			children = (
				3C4DA7AC1C89FC1500F708EC /* Base */,
			);
			name = Main.storyboard;
			sourceTree = "<group>";
		};
		3C4DA7B01C89FC1500F708EC /* LaunchScreen.storyboard */ = {
			isa = PBXVariantGroup;
			children = (
				3C4DA7B11C89FC1500F708EC /* Base */,
			);
			name = LaunchScreen.storyboard;
			sourceTree = "<group>";
		};
/* End PBXVariantGroup section */

/* Begin XCBuildConfiguration section */
		3C4DA7B41C89FC1500F708EC /* Debug */ = {
			isa = XCBuildConfiguration;
			buildSettings = {
				ALWAYS_SEARCH_USER_PATHS = NO;
				CLANG_CXX_LANGUAGE_STANDARD = "gnu++0x";
				CLANG_CXX_LIBRARY = "libc++";
				CLANG_ENABLE_MODULES = YES;
				CLANG_ENABLE_OBJC_ARC = YES;
				CLANG_WARN_BOOL_CONVERSION = YES;
				CLANG_WARN_CONSTANT_CONVERSION = YES;
				CLANG_WARN_DIRECT_OBJC_ISA_USAGE = YES_ERROR;
				CLANG_WARN_EMPTY_BODY = YES;
				CLANG_WARN_ENUM_CONVERSION = YES;
				CLANG_WARN_INT_CONVERSION = YES;
				CLANG_WARN_OBJC_ROOT_CLASS = YES_ERROR;
				CLANG_WARN_UNREACHABLE_CODE = YES;
				CLANG_WARN__DUPLICATE_METHOD_MATCH = YES;
				"CODE_SIGN_IDENTITY[sdk=iphoneos*]" = "iPhone Developer";
				COPY_PHASE_STRIP = NO;
				DEBUG_INFORMATION_FORMAT = dwarf;
				ENABLE_STRICT_OBJC_MSGSEND = YES;
				ENABLE_TESTABILITY = YES;
				GCC_C_LANGUAGE_STANDARD = gnu99;
				GCC_DYNAMIC_NO_PIC = NO;
				GCC_NO_COMMON_BLOCKS = YES;
				GCC_OPTIMIZATION_LEVEL = 0;
				GCC_PREPROCESSOR_DEFINITIONS = (
					"DEBUG=1",
					"$(inherited)",
				);
				GCC_WARN_64_TO_32_BIT_CONVERSION = YES;
				GCC_WARN_ABOUT_RETURN_TYPE = YES_ERROR;
				GCC_WARN_UNDECLARED_SELECTOR = YES;
				GCC_WARN_UNINITIALIZED_AUTOS = YES_AGGRESSIVE;
				GCC_WARN_UNUSED_FUNCTION = YES;
				GCC_WARN_UNUSED_VARIABLE = YES;
				IPHONEOS_DEPLOYMENT_TARGET = 9.2;
				MTL_ENABLE_DEBUG_INFO = YES;
				ONLY_ACTIVE_ARCH = YES;
				SDKROOT = iphoneos;
				SWIFT_OPTIMIZATION_LEVEL = "-Onone";
				TARGETED_DEVICE_FAMILY = "1,2";
			};
			name = Debug;
		};
		3C4DA7B51C89FC1500F708EC /* Release */ = {
			isa = XCBuildConfiguration;
			buildSettings = {
				ALWAYS_SEARCH_USER_PATHS = NO;
				CLANG_CXX_LANGUAGE_STANDARD = "gnu++0x";
				CLANG_CXX_LIBRARY = "libc++";
				CLANG_ENABLE_MODULES = YES;
				CLANG_ENABLE_OBJC_ARC = YES;
				CLANG_WARN_BOOL_CONVERSION = YES;
				CLANG_WARN_CONSTANT_CONVERSION = YES;
				CLANG_WARN_DIRECT_OBJC_ISA_USAGE = YES_ERROR;
				CLANG_WARN_EMPTY_BODY = YES;
				CLANG_WARN_ENUM_CONVERSION = YES;
				CLANG_WARN_INT_CONVERSION = YES;
				CLANG_WARN_OBJC_ROOT_CLASS = YES_ERROR;
				CLANG_WARN_UNREACHABLE_CODE = YES;
				CLANG_WARN__DUPLICATE_METHOD_MATCH = YES;
				"CODE_SIGN_IDENTITY[sdk=iphoneos*]" = "iPhone Developer";
				COPY_PHASE_STRIP = NO;
				DEBUG_INFORMATION_FORMAT = "dwarf-with-dsym";
				ENABLE_NS_ASSERTIONS = NO;
				ENABLE_STRICT_OBJC_MSGSEND = YES;
				GCC_C_LANGUAGE_STANDARD = gnu99;
				GCC_NO_COMMON_BLOCKS = YES;
				GCC_WARN_64_TO_32_BIT_CONVERSION = YES;
				GCC_WARN_ABOUT_RETURN_TYPE = YES_ERROR;
				GCC_WARN_UNDECLARED_SELECTOR = YES;
				GCC_WARN_UNINITIALIZED_AUTOS = YES_AGGRESSIVE;
				GCC_WARN_UNUSED_FUNCTION = YES;
				GCC_WARN_UNUSED_VARIABLE = YES;
				IPHONEOS_DEPLOYMENT_TARGET = 9.2;
				MTL_ENABLE_DEBUG_INFO = NO;
				SDKROOT = iphoneos;
				TARGETED_DEVICE_FAMILY = "1,2";
				VALIDATE_PRODUCT = YES;
			};
			name = Release;
		};
		3C4DA7B71C89FC1500F708EC /* Debug */ = {
			isa = XCBuildConfiguration;
			buildSettings = {
				ASSETCATALOG_COMPILER_APPICON_NAME = AppIcon;
				CODE_SIGN_IDENTITY = "iPhone Developer";
				INFOPLIST_FILE = ProyectoMac/Info.plist;
				LD_RUNPATH_SEARCH_PATHS = "$(inherited) @executable_path/Frameworks";
				PRODUCT_BUNDLE_IDENTIFIER = MX.ProyectoMac;
				PRODUCT_NAME = "Easy-PT";
			};
			name = Debug;
		};
		3C4DA7B81C89FC1500F708EC /* Release */ = {
			isa = XCBuildConfiguration;
			buildSettings = {
				ASSETCATALOG_COMPILER_APPICON_NAME = AppIcon;
				CODE_SIGN_IDENTITY = "iPhone Developer";
				INFOPLIST_FILE = ProyectoMac/Info.plist;
				LD_RUNPATH_SEARCH_PATHS = "$(inherited) @executable_path/Frameworks";
				PRODUCT_BUNDLE_IDENTIFIER = MX.ProyectoMac;
				PRODUCT_NAME = "Easy-PT";
			};
			name = Release;
		};
/* End XCBuildConfiguration section */

/* Begin XCConfigurationList section */
		3C4DA79F1C89FC1500F708EC /* Build configuration list for PBXProject "Easy-PT" */ = {
			isa = XCConfigurationList;
			buildConfigurations = (
				3C4DA7B41C89FC1500F708EC /* Debug */,
				3C4DA7B51C89FC1500F708EC /* Release */,
			);
			defaultConfigurationIsVisible = 0;
			defaultConfigurationName = Release;
		};
		3C4DA7B61C89FC1500F708EC /* Build configuration list for PBXNativeTarget "Easy-PT" */ = {
			isa = XCConfigurationList;
			buildConfigurations = (
				3C4DA7B71C89FC1500F708EC /* Debug */,
				3C4DA7B81C89FC1500F708EC /* Release */,
			);
			defaultConfigurationIsVisible = 0;
			defaultConfigurationName = Release;
		};
/* End XCConfigurationList section */
	};
	rootObject = 3C4DA79C1C89FC1500F708EC /* Project object */;
}
